{
  "nodes": {
    "daps-src": {
      "flake": false,
      "locked": {
        "lastModified": 1773219310,
        "narHash": "sha256-YFsaaq3Y7J5X7dXw7xUZ2XSbeEI+1bEUZLqO6CgzsrU=",
        "owner": "openSUSE",
        "repo": "daps",
        "rev": "5d56233294fea56df93869c19956a3422eaef848",
        "type": "github"
      },
      "original": {
        "owner": "openSUSE",
        "repo": "daps",
        "rev": "5d56233294fea56df93869c19956a3422eaef848",
        "type": "github"
      }
    },
    "flake-utils": {
      "inputs": {
        "systems": "systems"
      },
      "locked": {
        "lastModified": 1731533236,
        "narHash": "sha256-l0KFg5HjrsfsO/JpG+r7fRrqm12kzFHyUHqHCVpMMbI=",
        "owner": "numtide",
        "repo": "flake-utils",
        "rev": "11707dc2f618dd54ca8739b309ec4fc024de578b",
        "type": "github"
      },
      "original": {
        "owner": "numtide",
        "repo": "flake-utils",
        "type": "github"
      }
    },
    "geekodoc-src": {
      "flake": false,
      "locked": {
        "lastModified": 1779864196,
        "narHash": "sha256-q1/tAqAUyydSXgyqAxbBePGyDzvfQu1zY+wUYZiB93Q=",
        "owner": "openSUSE",
        "repo": "geekodoc",
        "rev": "8596e88562ac280933b3726bf0d86338109aa821",
        "type": "github"
      },
      "original": {
        "owner": "openSUSE",
        "repo": "geekodoc",
        "type": "github"
      }
    },
    "nixpkgs": {
      "locked": {
        "lastModified": 1780243769,
        "narHash": "sha256-x5UQuRsH3MqI0U9afaXSNqzTPSeZlRLvFAav2Ux1pNw=",
        "owner": "NixOS",
        "repo": "nixpkgs",
        "rev": "331800de5053fcebacf6813adb5db9c9dca22a0c",
        "type": "github"
      },
      "original": {
        "owner": "NixOS",
        "ref": "nixos-unstable",
        "repo": "nixpkgs",
        "type": "github"
      }
    },
    "root": {
      "inputs": {
        "daps-src": "daps-src",
        "flake-utils": "flake-utils",
        "geekodoc-src": "geekodoc-src",
        "nixpkgs": "nixpkgs",
        "suse-xsl": "suse-xsl"
      }
    },
    "suse-xsl": {
      "flake": false,
      "locked": {
        "lastModified": 1780392655,
        "narHash": "sha256-RCcmT35ch0VveIA3ourERfl966evNuxknkI5nBQZGWE=",
        "owner": "openSUSE",
        "repo": "suse-xsl",
        "rev": "fdb63f519da91dc6f35b55a5af7d5c11935dece6",
        "type": "github"
      },
      "original": {
        "owner": "openSUSE",
        "repo": "suse-xsl",
        "type": "github"
      }
    },
    "systems": {
      "locked": {
        "lastModified": 1681028828,
        "narHash": "sha256-Vy1rq5AaRuLzOxct8nz4T6wlgyUR7zLU309k9mBC768=",
        "owner": "nix-systems",
        "repo": "default",
        "rev": "da67096a3b9bf56a91d16901293e51ba5b49a27e",
        "type": "github"
      },
      "original": {
        "owner": "nix-systems",
        "repo": "default",
        "type": "github"
      }
    }
  },
  "root": "root",
  "version": 7
}
